
Microsoft Visual Studio Solution File, Format Version 12.00
# Visual Studio Version 17
VisualStudioVersion = 17.14.36616.10 d17.14
MinimumVisualStudioVersion = 10.0.40219.1
Project("{FAE04EC0-301F-11D3-BF4B-00C04F79EFBC}") = "Linear Programming and Integer Programming Model Solver", "Linear Programming and Integer Programming Model Solver.csproj", "{768499C2-C349-462D-BC40-5FD2FA87FE58}"
EndProject
Global
	GlobalSection(SolutionConfigurationPlatforms) = preSolution
		Debug|Any CPU = Debug|Any CPU
		Release|Any CPU = Release|Any CPU
	EndGlobalSection
	GlobalSection(ProjectConfigurationPlatforms) = postSolution
		{768499C2-C349-462D-BC40-5FD2FA87FE58}.Debug|Any CPU.ActiveCfg = Debug|Any CPU
		{768499C2-C349-462D-BC40-5FD2FA87FE58}.Debug|Any CPU.Build.0 = Debug|Any CPU
		{768499C2-C349-462D-BC40-5FD2FA87FE58}.Release|Any CPU.ActiveCfg = Release|Any CPU
		{768499C2-C349-462D-BC40-5FD2FA87FE58}.Release|Any CPU.Build.0 = Release|Any CPU
	EndGlobalSection
	GlobalSection(SolutionProperties) = preSolution
		HideSolutionNode = FALSE
	EndGlobalSection
	GlobalSection(ExtensibilityGlobals) = postSolution
		SolutionGuid = {0AF6A86E-40D3-44DF-9FC2-C7CEF8271CFD}
	EndGlobalSection
EndGlobal
